
Microsoft Visual Studio Solution File, Format Version 12.00
# Visual Studio Version 17
VisualStudioVersion = 17.11.35312.102
MinimumVisualStudioVersion = 10.0.40219.1
Project("{9A19103F-16F7-4668-BE54-9A1E7A4F7556}") = "BlockSense", "BlockSense\BlockSense.csproj", "{7D5EC411-1C98-4DD5-9599-1E2E4B27CBDF}"
EndProject
Project("{9A19103F-16F7-4668-BE54-9A1E7A4F7556}") = "BlockSense.Desktop", "BlockSense.Desktop\BlockSense.Desktop.csproj", "{D6BE4D33-8688-403E-B6BB-7C420AD36BA8}"
EndProject
Global
	GlobalSection(SolutionConfigurationPlatforms) = preSolution
		Debug|Any CPU = Debug|Any CPU
		Release|Any CPU = Release|Any CPU
	EndGlobalSection
	GlobalSection(ProjectConfigurationPlatforms) = postSolution
		{7D5EC411-1C98-4DD5-9599-1E2E4B27CBDF}.Debug|Any CPU.ActiveCfg = Debug|Any CPU
		{7D5EC411-1C98-4DD5-9599-1E2E4B27CBDF}.Debug|Any CPU.Build.0 = Debug|Any CPU
		{7D5EC411-1C98-4DD5-9599-1E2E4B27CBDF}.Release|Any CPU.ActiveCfg = Release|Any CPU
		{7D5EC411-1C98-4DD5-9599-1E2E4B27CBDF}.Release|Any CPU.Build.0 = Release|Any CPU
		{D6BE4D33-8688-403E-B6BB-7C420AD36BA8}.Debug|Any CPU.ActiveCfg = Debug|Any CPU
		{D6BE4D33-8688-403E-B6BB-7C420AD36BA8}.Debug|Any CPU.Build.0 = Debug|Any CPU
		{D6BE4D33-8688-403E-B6BB-7C420AD36BA8}.Release|Any CPU.ActiveCfg = Release|Any CPU
		{D6BE4D33-8688-403E-B6BB-7C420AD36BA8}.Release|Any CPU.Build.0 = Release|Any CPU
	EndGlobalSection
	GlobalSection(SolutionProperties) = preSolution
		HideSolutionNode = FALSE
	EndGlobalSection
	GlobalSection(ExtensibilityGlobals) = postSolution
		SolutionGuid = {9B786547-AAD1-4E04-BE9A-10F440F1C6D7}
	EndGlobalSection
EndGlobal
